
Microsoft Visual Studio Solution File, Format Version 12.00
# Visual Studio Version 17
VisualStudioVersion = 17.3.32901.215
MinimumVisualStudioVersion = 10.0.40219.1
Project("{FAE04EC0-301F-11D3-BF4B-00C04F79EFBC}") = "POO23A_MA", "POO23A_MA\POO23A_MA.csproj", "{0EB96985-93D6-46DB-892E-08DA64ECEA17}"
EndProject
Global
	GlobalSection(SolutionConfigurationPlatforms) = preSolution
		Debug|Any CPU = Debug|Any CPU
		Release|Any CPU = Release|Any CPU
	EndGlobalSection
	GlobalSection(ProjectConfigurationPlatforms) = postSolution
		{0EB96985-93D6-46DB-892E-08DA64ECEA17}.Debug|Any CPU.ActiveCfg = Debug|Any CPU
		{0EB96985-93D6-46DB-892E-08DA64ECEA17}.Debug|Any CPU.Build.0 = Debug|Any CPU
		{0EB96985-93D6-46DB-892E-08DA64ECEA17}.Release|Any CPU.ActiveCfg = Release|Any CPU
		{0EB96985-93D6-46DB-892E-08DA64ECEA17}.Release|Any CPU.Build.0 = Release|Any CPU
	EndGlobalSection
	GlobalSection(SolutionProperties) = preSolution
		HideSolutionNode = FALSE
	EndGlobalSection
	GlobalSection(ExtensibilityGlobals) = postSolution
		SolutionGuid = {5BD39622-3897-4E8C-8547-6A7376FC84C8}
	EndGlobalSection
EndGlobal
